
Microsoft Visual Studio Solution File, Format Version 12.00
# Visual Studio Version 16
VisualStudioVersion = 16.0.29911.84
MinimumVisualStudioVersion = 10.0.40219.1
Project("{9A19103F-16F7-4668-BE54-9A1E7A4F7556}") = "CentralErros", "CentralErros.csproj", "{C53343C8-9020-46F7-BC83-EA9C3151D16B}"
EndProject
Project("{9A19103F-16F7-4668-BE54-9A1E7A4F7556}") = "CentralErros.Test", "..\CentralErros.Test\CentralErros.Test.csproj", "{0DFA2297-76E0-4105-946C-CB7287BB50BE}"
EndProject
Global
	GlobalSection(SolutionConfigurationPlatforms) = preSolution
		Debug|Any CPU = Debug|Any CPU
		Release|Any CPU = Release|Any CPU
	EndGlobalSection
	GlobalSection(ProjectConfigurationPlatforms) = postSolution
		{C53343C8-9020-46F7-BC83-EA9C3151D16B}.Debug|Any CPU.ActiveCfg = Debug|Any CPU
		{C53343C8-9020-46F7-BC83-EA9C3151D16B}.Debug|Any CPU.Build.0 = Debug|Any CPU
		{C53343C8-9020-46F7-BC83-EA9C3151D16B}.Release|Any CPU.ActiveCfg = Release|Any CPU
		{C53343C8-9020-46F7-BC83-EA9C3151D16B}.Release|Any CPU.Build.0 = Release|Any CPU
		{0DFA2297-76E0-4105-946C-CB7287BB50BE}.Debug|Any CPU.ActiveCfg = Debug|Any CPU
		{0DFA2297-76E0-4105-946C-CB7287BB50BE}.Debug|Any CPU.Build.0 = Debug|Any CPU
		{0DFA2297-76E0-4105-946C-CB7287BB50BE}.Release|Any CPU.ActiveCfg = Release|Any CPU
		{0DFA2297-76E0-4105-946C-CB7287BB50BE}.Release|Any CPU.Build.0 = Release|Any CPU
	EndGlobalSection
	GlobalSection(SolutionProperties) = preSolution
		HideSolutionNode = FALSE
	EndGlobalSection
	GlobalSection(ExtensibilityGlobals) = postSolution
		SolutionGuid = {52C7FE35-79A5-40B6-BDA0-4B9B50E16490}
	EndGlobalSection
EndGlobal
